
Microsoft Visual Studio Solution File, Format Version 12.00
# Visual Studio 15
VisualStudioVersion = 15.0.28307.136
MinimumVisualStudioVersion = 10.0.40219.1
Project("{8BC9CEB8-8B4A-11D0-8D11-00A0C91BC942}") = "Lamegine", "Lamegine\Lamegine.vcxproj", "{7F05E4A5-5D31-4B93-BC62-0DE9C0FB78D5}"
EndProject
Project("{8BC9CEB8-8B4A-11D0-8D11-00A0C91BC942}") = "Controller", "Controller\Controller.vcxproj", "{37F77BBE-20BB-4DC2-899F-F60953FB9894}"
EndProject
Project("{8BC9CEB8-8B4A-11D0-8D11-00A0C91BC942}") = "Game", "Game\Game.vcxproj", "{B251F121-7FBB-4B24-99F6-54108F6AED06}"
EndProject
Project("{8BC9CEB8-8B4A-11D0-8D11-00A0C91BC942}") = "Editor", "Editor\Editor.vcxproj", "{EFCCC027-E00B-413D-81DB-12F2BC1AD41E}"
EndProject
Project("{8BC9CEB8-8B4A-11D0-8D11-00A0C91BC942}") = "Shooter", "Shooter\Shooter.vcxproj", "{F4E2434E-B0EA-489F-8564-6FB5AAD263D0}"
EndProject
Project("{FAE04EC0-301F-11D3-BF4B-00C04F79EFBC}") = "LamegineGUI", "LamegineGUI\LamegineGUI.csproj", "{88899CF6-0883-4D49-B09B-42ED08509A0B}"
EndProject
Project("{8BC9CEB8-8B4A-11D0-8D11-00A0C91BC942}") = "Renderer", "Renderer\Renderer.vcxproj", "{DDD00F42-AA99-4C54-86A9-F06EE6DB57FC}"
EndProject
Project("{8BC9CEB8-8B4A-11D0-8D11-00A0C91BC942}") = "SoundSystem", "SoundSystem\SoundSystem.vcxproj", "{E060650A-6AE6-42B5-8AC3-67011EA77F9F}"
EndProject
Project("{8BC9CEB8-8B4A-11D0-8D11-00A0C91BC942}") = "EntitySystem", "EntitySystem\EntitySystem.vcxproj", "{0373F718-FABE-4D98-8ACF-62CE27A7B21F}"
EndProject
Project("{8BC9CEB8-8B4A-11D0-8D11-00A0C91BC942}") = "Physics", "Physics\Physics.vcxproj", "{74C9DAAD-7123-4DCD-B278-E9437E32C14B}"
EndProject
Global
	GlobalSection(SolutionConfigurationPlatforms) = preSolution
		Debug|Any CPU = Debug|Any CPU
		Debug|x64 = Debug|x64
		Debug|x86 = Debug|x86
		Release|Any CPU = Release|Any CPU
		Release|x64 = Release|x64
		Release|x86 = Release|x86
	EndGlobalSection
	GlobalSection(ProjectConfigurationPlatforms) = postSolution
		{7F05E4A5-5D31-4B93-BC62-0DE9C0FB78D5}.Debug|Any CPU.ActiveCfg = Debug|Win32
		{7F05E4A5-5D31-4B93-BC62-0DE9C0FB78D5}.Debug|x64.ActiveCfg = Debug|x64
		{7F05E4A5-5D31-4B93-BC62-0DE9C0FB78D5}.Debug|x64.Build.0 = Debug|x64
		{7F05E4A5-5D31-4B93-BC62-0DE9C0FB78D5}.Debug|x86.ActiveCfg = Debug|Win32
		{7F05E4A5-5D31-4B93-BC62-0DE9C0FB78D5}.Debug|x86.Build.0 = Debug|Win32
		{7F05E4A5-5D31-4B93-BC62-0DE9C0FB78D5}.Release|Any CPU.ActiveCfg = Release|Win32
		{7F05E4A5-5D31-4B93-BC62-0DE9C0FB78D5}.Release|x64.ActiveCfg = Release|x64
		{7F05E4A5-5D31-4B93-BC62-0DE9C0FB78D5}.Release|x64.Build.0 = Release|x64
		{7F05E4A5-5D31-4B93-BC62-0DE9C0FB78D5}.Release|x86.ActiveCfg = Release|Win32
		{7F05E4A5-5D31-4B93-BC62-0DE9C0FB78D5}.Release|x86.Build.0 = Release|Win32
		{37F77BBE-20BB-4DC2-899F-F60953FB9894}.Debug|Any CPU.ActiveCfg = Debug|Win32
		{37F77BBE-20BB-4DC2-899F-F60953FB9894}.Debug|x64.ActiveCfg = Debug|x64
		{37F77BBE-20BB-4DC2-899F-F60953FB9894}.Debug|x64.Build.0 = Debug|x64
		{37F77BBE-20BB-4DC2-899F-F60953FB9894}.Debug|x86.ActiveCfg = Debug|Win32
		{37F77BBE-20BB-4DC2-899F-F60953FB9894}.Debug|x86.Build.0 = Debug|Win32
		{37F77BBE-20BB-4DC2-899F-F60953FB9894}.Release|Any CPU.ActiveCfg = Release|Win32
		{37F77BBE-20BB-4DC2-899F-F60953FB9894}.Release|x64.ActiveCfg = Release|x64
		{37F77BBE-20BB-4DC2-899F-F60953FB9894}.Release|x64.Build.0 = Release|x64
		{37F77BBE-20BB-4DC2-899F-F60953FB9894}.Release|x86.ActiveCfg = Release|Win32
		{37F77BBE-20BB-4DC2-899F-F60953FB9894}.Release|x86.Build.0 = Release|Win32
		{B251F121-7FBB-4B24-99F6-54108F6AED06}.Debug|Any CPU.ActiveCfg = Debug|Win32
		{B251F121-7FBB-4B24-99F6-54108F6AED06}.Debug|x64.ActiveCfg = Debug|x64
		{B251F121-7FBB-4B24-99F6-54108F6AED06}.Debug|x64.Build.0 = Debug|x64
		{B251F121-7FBB-4B24-99F6-54108F6AED06}.Debug|x86.ActiveCfg = Debug|Win32
		{B251F121-7FBB-4B24-99F6-54108F6AED06}.Debug|x86.Build.0 = Debug|Win32
		{B251F121-7FBB-4B24-99F6-54108F6AED06}.Release|Any CPU.ActiveCfg = Release|Win32
		{B251F121-7FBB-4B24-99F6-54108F6AED06}.Release|x64.ActiveCfg = Release|x64
		{B251F121-7FBB-4B24-99F6-54108F6AED06}.Release|x64.Build.0 = Release|x64
		{B251F121-7FBB-4B24-99F6-54108F6AED06}.Release|x86.ActiveCfg = Release|Win32
		{B251F121-7FBB-4B24-99F6-54108F6AED06}.Release|x86.Build.0 = Release|Win32
		{EFCCC027-E00B-413D-81DB-12F2BC1AD41E}.Debug|Any CPU.ActiveCfg = Debug|Win32
		{EFCCC027-E00B-413D-81DB-12F2BC1AD41E}.Debug|x64.ActiveCfg = Debug|x64
		{EFCCC027-E00B-413D-81DB-12F2BC1AD41E}.Debug|x64.Build.0 = Debug|x64
		{EFCCC027-E00B-413D-81DB-12F2BC1AD41E}.Debug|x86.ActiveCfg = Debug|Win32
		{EFCCC027-E00B-413D-81DB-12F2BC1AD41E}.Debug|x86.Build.0 = Debug|Win32
		{EFCCC027-E00B-413D-81DB-12F2BC1AD41E}.Release|Any CPU.ActiveCfg = Release|Win32
		{EFCCC027-E00B-413D-81DB-12F2BC1AD41E}.Release|x64.ActiveCfg = Release|x64
		{EFCCC027-E00B-413D-81DB-12F2BC1AD41E}.Release|x64.Build.0 = Release|x64
		{EFCCC027-E00B-413D-81DB-12F2BC1AD41E}.Release|x86.ActiveCfg = Release|Win32
		{EFCCC027-E00B-413D-81DB-12F2BC1AD41E}.Release|x86.Build.0 = Release|Win32
		{F4E2434E-B0EA-489F-8564-6FB5AAD263D0}.Debug|Any CPU.ActiveCfg = Debug|Win32
		{F4E2434E-B0EA-489F-8564-6FB5AAD263D0}.Debug|x64.ActiveCfg = Debug|x64
		{F4E2434E-B0EA-489F-8564-6FB5AAD263D0}.Debug|x64.Build.0 = Debug|x64
		{F4E2434E-B0EA-489F-8564-6FB5AAD263D0}.Debug|x86.ActiveCfg = Debug|Win32
		{F4E2434E-B0EA-489F-8564-6FB5AAD263D0}.Debug|x86.Build.0 = Debug|Win32
		{F4E2434E-B0EA-489F-8564-6FB5AAD263D0}.Release|Any CPU.ActiveCfg = Release|Win32
		{F4E2434E-B0EA-489F-8564-6FB5AAD263D0}.Release|x64.ActiveCfg = Release|x64
		{F4E2434E-B0EA-489F-8564-6FB5AAD263D0}.Release|x64.Build.0 = Release|x64
		{F4E2434E-B0EA-489F-8564-6FB5AAD263D0}.Release|x86.ActiveCfg = Release|Win32
		{F4E2434E-B0EA-489F-8564-6FB5AAD263D0}.Release|x86.Build.0 = Release|Win32
		{88899CF6-0883-4D49-B09B-42ED08509A0B}.Debug|Any CPU.ActiveCfg = Debug|Any CPU
		{88899CF6-0883-4D49-B09B-42ED08509A0B}.Debug|Any CPU.Build.0 = Debug|Any CPU
		{88899CF6-0883-4D49-B09B-42ED08509A0B}.Debug|x64.ActiveCfg = Debug|Any CPU
		{88899CF6-0883-4D49-B09B-42ED08509A0B}.Debug|x64.Build.0 = Debug|Any CPU
		{88899CF6-0883-4D49-B09B-42ED08509A0B}.Debug|x86.ActiveCfg = Debug|Any CPU
		{88899CF6-0883-4D49-B09B-42ED08509A0B}.Debug|x86.Build.0 = Debug|Any CPU
		{88899CF6-0883-4D49-B09B-42ED08509A0B}.Release|Any CPU.ActiveCfg = Release|Any CPU
		{88899CF6-0883-4D49-B09B-42ED08509A0B}.Release|Any CPU.Build.0 = Release|Any CPU
		{88899CF6-0883-4D49-B09B-42ED08509A0B}.Release|x64.ActiveCfg = Release|Any CPU
		{88899CF6-0883-4D49-B09B-42ED08509A0B}.Release|x64.Build.0 = Release|Any CPU
		{88899CF6-0883-4D49-B09B-42ED08509A0B}.Release|x86.ActiveCfg = Release|Any CPU
		{88899CF6-0883-4D49-B09B-42ED08509A0B}.Release|x86.Build.0 = Release|Any CPU
		{DDD00F42-AA99-4C54-86A9-F06EE6DB57FC}.Debug|Any CPU.ActiveCfg = Debug|Win32
		{DDD00F42-AA99-4C54-86A9-F06EE6DB57FC}.Debug|x64.ActiveCfg = Debug|x64
		{DDD00F42-AA99-4C54-86A9-F06EE6DB57FC}.Debug|x64.Build.0 = Debug|x64
		{DDD00F42-AA99-4C54-86A9-F06EE6DB57FC}.Debug|x86.ActiveCfg = Debug|Win32
		{DDD00F42-AA99-4C54-86A9-F06EE6DB57FC}.Debug|x86.Build.0 = Debug|Win32
		{DDD00F42-AA99-4C54-86A9-F06EE6DB57FC}.Release|Any CPU.ActiveCfg = Release|Win32
		{DDD00F42-AA99-4C54-86A9-F06EE6DB57FC}.Release|x64.ActiveCfg = Release|x64
		{DDD00F42-AA99-4C54-86A9-F06EE6DB57FC}.Release|x64.Build.0 = Release|x64
		{DDD00F42-AA99-4C54-86A9-F06EE6DB57FC}.Release|x86.ActiveCfg = Release|Win32
		{DDD00F42-AA99-4C54-86A9-F06EE6DB57FC}.Release|x86.Build.0 = Release|Win32
		{E060650A-6AE6-42B5-8AC3-67011EA77F9F}.Debug|Any CPU.ActiveCfg = Debug|Win32
		{E060650A-6AE6-42B5-8AC3-67011EA77F9F}.Debug|x64.ActiveCfg = Debug|x64
		{E060650A-6AE6-42B5-8AC3-67011EA77F9F}.Debug|x64.Build.0 = Debug|x64
		{E060650A-6AE6-42B5-8AC3-67011EA77F9F}.Debug|x86.ActiveCfg = Debug|Win32
		{E060650A-6AE6-42B5-8AC3-67011EA77F9F}.Debug|x86.Build.0 = Debug|Win32
		{E060650A-6AE6-42B5-8AC3-67011EA77F9F}.Release|Any CPU.ActiveCfg = Release|Win32
		{E060650A-6AE6-42B5-8AC3-67011EA77F9F}.Release|x64.ActiveCfg = Release|x64
		{E060650A-6AE6-42B5-8AC3-67011EA77F9F}.Release|x64.Build.0 = Release|x64
		{E060650A-6AE6-42B5-8AC3-67011EA77F9F}.Release|x86.ActiveCfg = Release|Win32
		{E060650A-6AE6-42B5-8AC3-67011EA77F9F}.Release|x86.Build.0 = Release|Win32
		{0373F718-FABE-4D98-8ACF-62CE27A7B21F}.Debug|Any CPU.ActiveCfg = Debug|Win32
		{0373F718-FABE-4D98-8ACF-62CE27A7B21F}.Debug|x64.ActiveCfg = Debug|x64
		{0373F718-FABE-4D98-8ACF-62CE27A7B21F}.Debug|x64.Build.0 = Debug|x64
		{0373F718-FABE-4D98-8ACF-62CE27A7B21F}.Debug|x86.ActiveCfg = Debug|Win32
		{0373F718-FABE-4D98-8ACF-62CE27A7B21F}.Debug|x86.Build.0 = Debug|Win32
		{0373F718-FABE-4D98-8ACF-62CE27A7B21F}.Release|Any CPU.ActiveCfg = Release|Win32
		{0373F718-FABE-4D98-8ACF-62CE27A7B21F}.Release|x64.ActiveCfg = Release|x64
		{0373F718-FABE-4D98-8ACF-62CE27A7B21F}.Release|x64.Build.0 = Release|x64
		{0373F718-FABE-4D98-8ACF-62CE27A7B21F}.Release|x86.ActiveCfg = Release|Win32
		{0373F718-FABE-4D98-8ACF-62CE27A7B21F}.Release|x86.Build.0 = Release|Win32
		{74C9DAAD-7123-4DCD-B278-E9437E32C14B}.Debug|Any CPU.ActiveCfg = Debug|Win32
		{74C9DAAD-7123-4DCD-B278-E9437E32C14B}.Debug|x64.ActiveCfg = Debug|x64
		{74C9DAAD-7123-4DCD-B278-E9437E32C14B}.Debug|x64.Build.0 = Debug|x64
		{74C9DAAD-7123-4DCD-B278-E9437E32C14B}.Debug|x86.ActiveCfg = Debug|Win32
		{74C9DAAD-7123-4DCD-B278-E9437E32C14B}.Debug|x86.Build.0 = Debug|Win32
		{74C9DAAD-7123-4DCD-B278-E9437E32C14B}.Release|Any CPU.ActiveCfg = Release|Win32
		{74C9DAAD-7123-4DCD-B278-E9437E32C14B}.Release|x64.ActiveCfg = Release|x64
		{74C9DAAD-7123-4DCD-B278-E9437E32C14B}.Release|x64.Build.0 = Release|x64
		{74C9DAAD-7123-4DCD-B278-E9437E32C14B}.Release|x86.ActiveCfg = Release|Win32
		{74C9DAAD-7123-4DCD-B278-E9437E32C14B}.Release|x86.Build.0 = Release|Win32
	EndGlobalSection
	GlobalSection(SolutionProperties) = preSolution
		HideSolutionNode = FALSE
	EndGlobalSection
	GlobalSection(ExtensibilityGlobals) = postSolution
		SolutionGuid = {16620E71-54A6-4BED-BE2D-2A5B3FCC0DDD}
	EndGlobalSection
EndGlobal
